
Microsoft Visual Studio Solution File, Format Version 12.00
# Visual Studio Version 17
VisualStudioVersion = 17.13.35806.99 d17.13
MinimumVisualStudioVersion = 10.0.40219.1
Project("{FAE04EC0-301F-11D3-BF4B-00C04F79EFBC}") = "01. Reverse Strings", "01. Reverse Strings\01. Reverse Strings.csproj", "{8ECC3C3B-CB11-4EF5-9261-6139BC0022C9}"
EndProject
Project("{FAE04EC0-301F-11D3-BF4B-00C04F79EFBC}") = "02. Repeat Strings", "02. Repeat Strings\02. Repeat Strings.csproj", "{2026CD75-3DE7-407E-8F7D-F115952603DD}"
EndProject
Project("{FAE04EC0-301F-11D3-BF4B-00C04F79EFBC}") = "03. Substring", "03. Substring\03. Substring.csproj", "{DB34869A-FF2E-4A98-973A-DACAB9192F18}"
EndProject
Project("{FAE04EC0-301F-11D3-BF4B-00C04F79EFBC}") = "04. Text Filter", "04. Text Filter\04. Text Filter.csproj", "{C95BE12B-154A-4F7D-98AD-7A0D08689655}"
EndProject
Project("{FAE04EC0-301F-11D3-BF4B-00C04F79EFBC}") = "05. Digits, Letters and Other", "05. Digits, Letters and Other\05. Digits, Letters and Other.csproj", "{9E4386B2-5264-4317-8C3C-F22FFB418887}"
EndProject
Global
	GlobalSection(SolutionConfigurationPlatforms) = preSolution
		Debug|Any CPU = Debug|Any CPU
		Release|Any CPU = Release|Any CPU
	EndGlobalSection
	GlobalSection(ProjectConfigurationPlatforms) = postSolution
		{8ECC3C3B-CB11-4EF5-9261-6139BC0022C9}.Debug|Any CPU.ActiveCfg = Debug|Any CPU
		{8ECC3C3B-CB11-4EF5-9261-6139BC0022C9}.Debug|Any CPU.Build.0 = Debug|Any CPU
		{8ECC3C3B-CB11-4EF5-9261-6139BC0022C9}.Release|Any CPU.ActiveCfg = Release|Any CPU
		{8ECC3C3B-CB11-4EF5-9261-6139BC0022C9}.Release|Any CPU.Build.0 = Release|Any CPU
		{2026CD75-3DE7-407E-8F7D-F115952603DD}.Debug|Any CPU.ActiveCfg = Debug|Any CPU
		{2026CD75-3DE7-407E-8F7D-F115952603DD}.Debug|Any CPU.Build.0 = Debug|Any CPU
		{2026CD75-3DE7-407E-8F7D-F115952603DD}.Release|Any CPU.ActiveCfg = Release|Any CPU
		{2026CD75-3DE7-407E-8F7D-F115952603DD}.Release|Any CPU.Build.0 = Release|Any CPU
		{DB34869A-FF2E-4A98-973A-DACAB9192F18}.Debug|Any CPU.ActiveCfg = Debug|Any CPU
		{DB34869A-FF2E-4A98-973A-DACAB9192F18}.Debug|Any CPU.Build.0 = Debug|Any CPU
		{DB34869A-FF2E-4A98-973A-DACAB9192F18}.Release|Any CPU.ActiveCfg = Release|Any CPU
		{DB34869A-FF2E-4A98-973A-DACAB9192F18}.Release|Any CPU.Build.0 = Release|Any CPU
		{C95BE12B-154A-4F7D-98AD-7A0D08689655}.Debug|Any CPU.ActiveCfg = Debug|Any CPU
		{C95BE12B-154A-4F7D-98AD-7A0D08689655}.Debug|Any CPU.Build.0 = Debug|Any CPU
		{C95BE12B-154A-4F7D-98AD-7A0D08689655}.Release|Any CPU.ActiveCfg = Release|Any CPU
		{C95BE12B-154A-4F7D-98AD-7A0D08689655}.Release|Any CPU.Build.0 = Release|Any CPU
		{9E4386B2-5264-4317-8C3C-F22FFB418887}.Debug|Any CPU.ActiveCfg = Debug|Any CPU
		{9E4386B2-5264-4317-8C3C-F22FFB418887}.Debug|Any CPU.Build.0 = Debug|Any CPU
		{9E4386B2-5264-4317-8C3C-F22FFB418887}.Release|Any CPU.ActiveCfg = Release|Any CPU
		{9E4386B2-5264-4317-8C3C-F22FFB418887}.Release|Any CPU.Build.0 = Release|Any CPU
	EndGlobalSection
	GlobalSection(SolutionProperties) = preSolution
		HideSolutionNode = FALSE
	EndGlobalSection
	GlobalSection(ExtensibilityGlobals) = postSolution
		SolutionGuid = {5C570D63-C049-468B-A062-33F8BF8C443A}
	EndGlobalSection
EndGlobal
