
Microsoft Visual Studio Solution File, Format Version 12.00
# Visual Studio Version 17
VisualStudioVersion = 17.8.34601.278
MinimumVisualStudioVersion = 10.0.40219.1
Project("{FAE04EC0-301F-11D3-BF4B-00C04F79EFBC}") = "05. Top Integers", "05. Top Integers\05. Top Integers.csproj", "{8AFEA3D6-97D0-483A-A407-BE2E273921B7}"
EndProject
Project("{FAE04EC0-301F-11D3-BF4B-00C04F79EFBC}") = "01. Train", "01. Train\01. Train.csproj", "{9B3B3E8C-F06E-41CC-AC42-7BCE198DAE78}"
EndProject
Project("{FAE04EC0-301F-11D3-BF4B-00C04F79EFBC}") = "10. LadyBugs", "10. LadyBugs\10. LadyBugs.csproj", "{AB6D5DD1-EC74-411F-B8A1-0F9E7E543A28}"
EndProject
Project("{FAE04EC0-301F-11D3-BF4B-00C04F79EFBC}") = "02. Common Elements", "02. Common Elements\02. Common Elements.csproj", "{E7FC5A28-AA7C-421E-B857-F2CB29FFF856}"
EndProject
Project("{FAE04EC0-301F-11D3-BF4B-00C04F79EFBC}") = "03. Zig-Zag Arrays", "03. Zig-Zag Arrays\03. Zig-Zag Arrays.csproj", "{A44E56B3-403B-4391-8733-6746FDA11480}"
EndProject
Global
	GlobalSection(SolutionConfigurationPlatforms) = preSolution
		Debug|Any CPU = Debug|Any CPU
		Release|Any CPU = Release|Any CPU
	EndGlobalSection
	GlobalSection(ProjectConfigurationPlatforms) = postSolution
		{8AFEA3D6-97D0-483A-A407-BE2E273921B7}.Debug|Any CPU.ActiveCfg = Debug|Any CPU
		{8AFEA3D6-97D0-483A-A407-BE2E273921B7}.Debug|Any CPU.Build.0 = Debug|Any CPU
		{8AFEA3D6-97D0-483A-A407-BE2E273921B7}.Release|Any CPU.ActiveCfg = Release|Any CPU
		{8AFEA3D6-97D0-483A-A407-BE2E273921B7}.Release|Any CPU.Build.0 = Release|Any CPU
		{9B3B3E8C-F06E-41CC-AC42-7BCE198DAE78}.Debug|Any CPU.ActiveCfg = Debug|Any CPU
		{9B3B3E8C-F06E-41CC-AC42-7BCE198DAE78}.Debug|Any CPU.Build.0 = Debug|Any CPU
		{9B3B3E8C-F06E-41CC-AC42-7BCE198DAE78}.Release|Any CPU.ActiveCfg = Release|Any CPU
		{9B3B3E8C-F06E-41CC-AC42-7BCE198DAE78}.Release|Any CPU.Build.0 = Release|Any CPU
		{AB6D5DD1-EC74-411F-B8A1-0F9E7E543A28}.Debug|Any CPU.ActiveCfg = Debug|Any CPU
		{AB6D5DD1-EC74-411F-B8A1-0F9E7E543A28}.Debug|Any CPU.Build.0 = Debug|Any CPU
		{AB6D5DD1-EC74-411F-B8A1-0F9E7E543A28}.Release|Any CPU.ActiveCfg = Release|Any CPU
		{AB6D5DD1-EC74-411F-B8A1-0F9E7E543A28}.Release|Any CPU.Build.0 = Release|Any CPU
		{E7FC5A28-AA7C-421E-B857-F2CB29FFF856}.Debug|Any CPU.ActiveCfg = Debug|Any CPU
		{E7FC5A28-AA7C-421E-B857-F2CB29FFF856}.Debug|Any CPU.Build.0 = Debug|Any CPU
		{E7FC5A28-AA7C-421E-B857-F2CB29FFF856}.Release|Any CPU.ActiveCfg = Release|Any CPU
		{E7FC5A28-AA7C-421E-B857-F2CB29FFF856}.Release|Any CPU.Build.0 = Release|Any CPU
		{A44E56B3-403B-4391-8733-6746FDA11480}.Debug|Any CPU.ActiveCfg = Debug|Any CPU
		{A44E56B3-403B-4391-8733-6746FDA11480}.Debug|Any CPU.Build.0 = Debug|Any CPU
		{A44E56B3-403B-4391-8733-6746FDA11480}.Release|Any CPU.ActiveCfg = Release|Any CPU
		{A44E56B3-403B-4391-8733-6746FDA11480}.Release|Any CPU.Build.0 = Release|Any CPU
	EndGlobalSection
	GlobalSection(SolutionProperties) = preSolution
		HideSolutionNode = FALSE
	EndGlobalSection
	GlobalSection(ExtensibilityGlobals) = postSolution
		SolutionGuid = {92C35208-C13C-464B-9CB2-240C051CF92B}
	EndGlobalSection
EndGlobal
